# This file is automatically @generated by Cargo.
# It is not intended for manual editing.
version = 3

[[package]]
name = "dequeue"
version = "0.1.0"
dependencies = [
 "static-rc",
]

[[package]]
name = "static-rc"
version = "0.4.0"
source = "registry+https://github.com/rust-lang/crates.io-index"
checksum = "98576675cf44d38dbd1923c2fa15ffcc86145364897b7c5f6d89955273dff08c"
